
Microsoft Visual Studio Solution File, Format Version 12.00
# Visual Studio Version 17
VisualStudioVersion = 17.0.32126.317
MinimumVisualStudioVersion = 10.0.40219.1
Project("{FAE04EC0-301F-11D3-BF4B-00C04F79EFBC}") = "Proyecto-DevChat", "Proyecto-DevChat.csproj", "{5B42EA33-202B-4BE7-967D-3247D42A4E43}"
EndProject
Global
	GlobalSection(SolutionConfigurationPlatforms) = preSolution
		Debug|Any CPU = Debug|Any CPU
		Release|Any CPU = Release|Any CPU
	EndGlobalSection
	GlobalSection(ProjectConfigurationPlatforms) = postSolution
		{5B42EA33-202B-4BE7-967D-3247D42A4E43}.Debug|Any CPU.ActiveCfg = Debug|Any CPU
		{5B42EA33-202B-4BE7-967D-3247D42A4E43}.Debug|Any CPU.Build.0 = Debug|Any CPU
		{5B42EA33-202B-4BE7-967D-3247D42A4E43}.Release|Any CPU.ActiveCfg = Release|Any CPU
		{5B42EA33-202B-4BE7-967D-3247D42A4E43}.Release|Any CPU.Build.0 = Release|Any CPU
	EndGlobalSection
	GlobalSection(SolutionProperties) = preSolution
		HideSolutionNode = FALSE
	EndGlobalSection
	GlobalSection(ExtensibilityGlobals) = postSolution
		SolutionGuid = {7BE3749D-3D35-474C-A492-6435526354FE}
	EndGlobalSection
EndGlobal
